schema: '2.0'
stages:
  data_ingestion:
    cmd: python src/cnnClassifier/pipeline/stage_01_data_ingestion.py
    deps:
    - path: config/config.yaml
      hash: md5
      md5: 25f9a104210a255bd7a5d4760b173a53
      size: 795
    - path: src/cnnClassifier/pipeline/stage_01_data_ingestion.py
      hash: md5
      md5: a5dff4d98c277f22107797e2b2a01fb0
      size: 953
    outs:
    - path: artifacts/data_ingestion/brain_tumor_dataset
      hash: md5
      md5: 8d77130541d5cd05acd22e04939d2ae2.dir
      size: 8672762
      nfiles: 253
  prepare_base_model:
    cmd: python src/cnnClassifier/pipeline/stage_02_prepare_base_model.py
    deps:
    - path: config/config.yaml
      hash: md5
      md5: 25f9a104210a255bd7a5d4760b173a53
      size: 795
    - path: src/cnnClassifier/pipeline/stage_02_prepare_base_model.py
      hash: md5
      md5: d3551b4c0f855f591d094cbfe89f3480
      size: 978
    params:
      params.yaml:
        CLASSES: 2
        IMAGE_SIZE:
        - 224
        - 224
        - 3
        INCLUDE_TOP: false
        LEARNING_RATE: 0.01
        WEIGHTS: imagenet
    outs:
    - path: artifacts/prepare_base_model
      hash: md5
      md5: 504c57cdf0a094ed449bb5bc7cc52af0.dir
      size: 118052184
      nfiles: 2
  training:
    cmd: python src/cnnClassifier/pipeline/stage_03_training.py
    deps:
    - path: artifacts/data_ingestion/brain_tumor_dataset
      hash: md5
      md5: 8d77130541d5cd05acd22e04939d2ae2.dir
      size: 8672762
      nfiles: 253
    - path: artifacts/prepare_base_model
      hash: md5
      md5: 504c57cdf0a094ed449bb5bc7cc52af0.dir
      size: 118052184
      nfiles: 2
    - path: config/config.yaml
      hash: md5
      md5: 25f9a104210a255bd7a5d4760b173a53
      size: 795
    - path: src/cnnClassifier/components/prepare_callbacks.py
      hash: md5
      md5: 745a8c23555869e4556b511a378f7d45
      size: 974
    - path: src/cnnClassifier/pipeline/stage_03_training.py
      hash: md5
      md5: 58588f3fcbca4a1cef25b0f44aa3b476
      size: 1240
    params:
      params.yaml:
        AUGMENTATION: true
        BATCH_SIZE: 16
        EPOCHS: 1
        IMAGE_SIZE:
        - 224
        - 224
        - 3
    outs:
    - path: artifacts/training/model.h5
      hash: md5
      md5: e84ce5b468889b66cf9e50652800341e
      size: 59134416
  evaluation:
    cmd: python src/cnnClassifier/pipeline/stage_04_evaluation.py
    deps:
    - path: artifacts/data_ingestion/brain_tumor_dataset
      hash: md5
      md5: 8d77130541d5cd05acd22e04939d2ae2.dir
      size: 8672762
      nfiles: 253
    - path: artifacts/training/model.h5
      hash: md5
      md5: e84ce5b468889b66cf9e50652800341e
      size: 59134416
    - path: config/config.yaml
      hash: md5
      md5: 25f9a104210a255bd7a5d4760b173a53
      size: 795
    - path: src/cnnClassifier/pipeline/stage_04_evaluation.py
      hash: md5
      md5: 0f6139070378335f2db4e90b1452732f
      size: 862
    params:
      params.yaml:
        BATCH_SIZE: 16
        IMAGE_SIZE:
        - 224
        - 224
        - 3
    outs:
    - path: scores.json
      hash: md5
      md5: 455308993df54677f40ead0973b33e4c
      size: 69
